PODS:
  - Flutter (1.0.0)
  - flutter_nfc_kit (2.0.0):
    - Flutter
  - FlutterPluginRegistrant (0.0.1):
    - Flutter
    - flutter_nfc_kit

DEPENDENCIES:
  - Flutter (from `Flutter`)
  - flutter_nfc_kit (from `.symlinks/plugins/flutter_nfc_kit/ios`)
  - FlutterPluginRegistrant (from `Flutter/FlutterPluginRegistrant`)

EXTERNAL SOURCES:
  Flutter:
    :path: Flutter
  flutter_nfc_kit:
    :path: ".symlinks/plugins/flutter_nfc_kit/ios"
  FlutterPluginRegistrant:
    :path: Flutter/FlutterPluginRegistrant

SPEC CHECKSUMS:
  Flutter: e0871f40cf51350855a761d2e70bf5af5b9b5de7
  flutter_nfc_kit: 965c98c3fa68f5609f1cc89abb968fe1b8ffdbaa
  FlutterPluginRegistrant: 92c72784c44bdf8e8d7dd5112d8be5bab4a1446e

PODFILE CHECKSUM: 48a12d41c9fcb914ab21432376e41f11e00040b6

COCOAPODS: 1.16.2
